// !$*UTF8*$!
{
	archiveVersion = 1;
	classes = {
	};
	objectVersion = 50;
	objects = {

/* Begin PBXBuildFile section */
		8F78E959225BD81000CAE309 /* Background.swift in Sources */ = {isa = PBXBuildFile; fileRef = 8F78E958225BD81000CAE309 /* Background.swift */; };
		DB68BA8324C7754400365AD4 /* AppDelegate.swift in Sources */ = {isa = PBXBuildFile; fileRef = FD23F60021AF519700AA78D4 /* AppDelegate.swift */; };
		DB68BA8424C7754700365AD4 /* ViewController.swift in Sources */ = {isa = PBXBuildFile; fileRef = FD23F60221AF519700AA78D4 /* ViewController.swift */; };
		DB68BA8524C7754B00365AD4 /* CreationPanelViewController.swift in Sources */ = {isa = PBXBuildFile; fileRef = FD138CE021B23D64006BFABC /* CreationPanelViewController.swift */; };
		DB68BA8624C7754E00365AD4 /* DataSource.swift in Sources */ = {isa = PBXBuildFile; fileRef = FD23F62921AF599000AA78D4 /* DataSource.swift */; };
		DB68BA8724C7755000365AD4 /* Data.swift in Sources */ = {isa = PBXBuildFile; fileRef = FD138CD321B201D0006BFABC /* Data.swift */; };
		DB68BA8824C7755300365AD4 /* DataSourceCountsProvider.swift in Sources */ = {isa = PBXBuildFile; fileRef = FD138CDE21B2310A006BFABC /* DataSourceCountsProvider.swift */; };
		DB68BA8924C7755500365AD4 /* Colors.swift in Sources */ = {isa = PBXBuildFile; fileRef = FD89ED1821BFAD7D00607E70 /* Colors.swift */; };
		DB68BA8A24C7755800365AD4 /* Header.swift in Sources */ = {isa = PBXBuildFile; fileRef = FD138CD721B226A7006BFABC /* Header.swift */; };
		DB68BA8B24C7755B00365AD4 /* Footer.swift in Sources */ = {isa = PBXBuildFile; fileRef = FCAC64292208870300973F4C /* Footer.swift */; };
		DB68BA8C24C7755E00365AD4 /* Cell.swift in Sources */ = {isa = PBXBuildFile; fileRef = FD138CD521B20875006BFABC /* Cell.swift */; };
		DB68BA8D24C7756100365AD4 /* Background.swift in Sources */ = {isa = PBXBuildFile; fileRef = 8F78E958225BD81000CAE309 /* Background.swift */; };
		DB68BA8E24C7756300365AD4 /* ItemCreationPanelView.swift in Sources */ = {isa = PBXBuildFile; fileRef = FD138CDC21B22BBE006BFABC /* ItemCreationPanelView.swift */; };
		DB68BA8F24C7756600365AD4 /* Assets.xcassets in Resources */ = {isa = PBXBuildFile; fileRef = FD23F60721AF519900AA78D4 /* Assets.xcassets */; };
		DB68BA9224C775B200365AD4 /* MagazineLayout.framework in Frameworks */ = {isa = PBXBuildFile; fileRef = DB68BA9124C775B200365AD4 /* MagazineLayout.framework */; };
		DB68BA9324C775B200365AD4 /* MagazineLayout.framework in Embed Frameworks */ = {isa = PBXBuildFile; fileRef = DB68BA9124C775B200365AD4 /* MagazineLayout.framework */; settings = {ATTRIBUTES = (CodeSignOnCopy, RemoveHeadersOnCopy, ); }; };
		DB68BA9624C7775F00365AD4 /* LaunchScreen.storyboard in Resources */ = {isa = PBXBuildFile; fileRef = DB68BA9524C7775F00365AD4 /* LaunchScreen.storyboard */; };
		FCAC642A2208870300973F4C /* Footer.swift in Sources */ = {isa = PBXBuildFile; fileRef = FCAC64292208870300973F4C /* Footer.swift */; };
		FD138CD421B201D0006BFABC /* Data.swift in Sources */ = {isa = PBXBuildFile; fileRef = FD138CD321B201D0006BFABC /* Data.swift */; };
		FD138CD621B20875006BFABC /* Cell.swift in Sources */ = {isa = PBXBuildFile; fileRef = FD138CD521B20875006BFABC /* Cell.swift */; };
		FD138CD821B226A7006BFABC /* Header.swift in Sources */ = {isa = PBXBuildFile; fileRef = FD138CD721B226A7006BFABC /* Header.swift */; };
		FD138CDD21B22BBE006BFABC /* ItemCreationPanelView.swift in Sources */ = {isa = PBXBuildFile; fileRef = FD138CDC21B22BBE006BFABC /* ItemCreationPanelView.swift */; };
		FD138CDF21B2310A006BFABC /* DataSourceCountsProvider.swift in Sources */ = {isa = PBXBuildFile; fileRef = FD138CDE21B2310A006BFABC /* DataSourceCountsProvider.swift */; };
		FD138CE121B23D64006BFABC /* CreationPanelViewController.swift in Sources */ = {isa = PBXBuildFile; fileRef = FD138CE021B23D64006BFABC /* CreationPanelViewController.swift */; };
		FD23F60121AF519700AA78D4 /* AppDelegate.swift in Sources */ = {isa = PBXBuildFile; fileRef = FD23F60021AF519700AA78D4 /* AppDelegate.swift */; };
		FD23F60321AF519700AA78D4 /* ViewController.swift in Sources */ = {isa = PBXBuildFile; fileRef = FD23F60221AF519700AA78D4 /* ViewController.swift */; };
		FD23F60821AF519900AA78D4 /* Assets.xcassets in Resources */ = {isa = PBXBuildFile; fileRef = FD23F60721AF519900AA78D4 /* Assets.xcassets */; };
		FD23F60B21AF519900AA78D4 /* LaunchScreen.storyboard in Resources */ = {isa = PBXBuildFile; fileRef = FD23F60921AF519900AA78D4 /* LaunchScreen.storyboard */; };
		FD23F62A21AF599100AA78D4 /* DataSource.swift in Sources */ = {isa = PBXBuildFile; fileRef = FD23F62921AF599000AA78D4 /* DataSource.swift */; };
		FD69EAB021BA2B17001E0650 /* MagazineLayout.framework in Frameworks */ = {isa = PBXBuildFile; fileRef = FD23F62721AF578300AA78D4 /* MagazineLayout.framework */; };
		FD69EAB121BA2B17001E0650 /* MagazineLayout.framework in Embed Frameworks */ = {isa = PBXBuildFile; fileRef = FD23F62721AF578300AA78D4 /* MagazineLayout.framework */; settings = {ATTRIBUTES = (CodeSignOnCopy, RemoveHeadersOnCopy, ); }; };
		FD89ED1921BFAD7D00607E70 /* Colors.swift in Sources */ = {isa = PBXBuildFile; fileRef = FD89ED1821BFAD7D00607E70 /* Colors.swift */; };
/* End PBXBuildFile section */

/* Begin PBXCopyFilesBuildPhase section */
		DB68BA9424C775B200365AD4 /* Embed Frameworks */ = {
			isa = PBXCopyFilesBuildPhase;
			buildActionMask = 2147483647;
			dstPath = "";
			dstSubfolderSpec = 10;
			files = (
				DB68BA9324C775B200365AD4 /* MagazineLayout.framework in Embed Frameworks */,
			);
			name = "Embed Frameworks";
			runOnlyForDeploymentPostprocessing = 0;
		};
		FD69EAB221BA2B17001E0650 /* Embed Frameworks */ = {
			isa = PBXCopyFilesBuildPhase;
			buildActionMask = 2147483647;
			dstPath = "";
			dstSubfolderSpec = 10;
			files = (
				FD69EAB121BA2B17001E0650 /* MagazineLayout.framework in Embed Frameworks */,
			);
			name = "Embed Frameworks";
			runOnlyForDeploymentPostprocessing = 0;
		};
/* End PBXCopyFilesBuildPhase section */

/* Begin PBXFileReference section */
		8F78E958225BD81000CAE309 /* Background.swift */ = {isa = PBXFileReference; lastKnownFileType = sourcecode.swift; path = Background.swift; sourceTree = "<group>"; };
		DB68BA7124C7751100365AD4 /* MagazineLayoutExampleAppleTV.app */ = {isa = PBXFileReference; explicitFileType = wrapper.application; includeInIndex = 0; path = MagazineLayoutExampleAppleTV.app; sourceTree = BUILT_PRODUCTS_DIR; };
		DB68BA7F24C7751400365AD4 /* Info.plist */ = {isa = PBXFileReference; lastKnownFileType = text.plist.xml; path = Info.plist; sourceTree = "<group>"; };
		DB68BA9124C775B200365AD4 /* MagazineLayout.framework */ = {isa = PBXFileReference; explicitFileType = wrapper.framework; path = MagazineLayout.framework; sourceTree = BUILT_PRODUCTS_DIR; };
		DB68BA9524C7775F00365AD4 /* LaunchScreen.storyboard */ = {isa = PBXFileReference; lastKnownFileType = file.storyboard; path = LaunchScreen.storyboard; sourceTree = "<group>"; };
		FCAC64292208870300973F4C /* Footer.swift */ = {isa = PBXFileReference; lastKnownFileType = sourcecode.swift; path = Footer.swift; sourceTree = "<group>"; };
		FD138CD321B201D0006BFABC /* Data.swift */ = {isa = PBXFileReference; lastKnownFileType = sourcecode.swift; path = Data.swift; sourceTree = "<group>"; };
		FD138CD521B20875006BFABC /* Cell.swift */ = {isa = PBXFileReference; lastKnownFileType = sourcecode.swift; path = Cell.swift; sourceTree = "<group>"; };
		FD138CD721B226A7006BFABC /* Header.swift */ = {isa = PBXFileReference; fileEncoding = 4; lastKnownFileType = sourcecode.swift; path = Header.swift; sourceTree = "<group>"; };
		FD138CDC21B22BBE006BFABC /* ItemCreationPanelView.swift */ = {isa = PBXFileReference; lastKnownFileType = sourcecode.swift; path = ItemCreationPanelView.swift; sourceTree = "<group>"; };
		FD138CDE21B2310A006BFABC /* DataSourceCountsProvider.swift */ = {isa = PBXFileReference; lastKnownFileType = sourcecode.swift; path = DataSourceCountsProvider.swift; sourceTree = "<group>"; };
		FD138CE021B23D64006BFABC /* CreationPanelViewController.swift */ = {isa = PBXFileReference; lastKnownFileType = sourcecode.swift; path = CreationPanelViewController.swift; sourceTree = "<group>"; };
		FD23F5FD21AF519700AA78D4 /* MagazineLayoutExample.app */ = {isa = PBXFileReference; explicitFileType = wrapper.application; includeInIndex = 0; path = MagazineLayoutExample.app; sourceTree = BUILT_PRODUCTS_DIR; };
		FD23F60021AF519700AA78D4 /* AppDelegate.swift */ = {isa = PBXFileReference; lastKnownFileType = sourcecode.swift; path = AppDelegate.swift; sourceTree = "<group>"; };
		FD23F60221AF519700AA78D4 /* ViewController.swift */ = {isa = PBXFileReference; lastKnownFileType = sourcecode.swift; path = ViewController.swift; sourceTree = "<group>"; };
		FD23F60721AF519900AA78D4 /* Assets.xcassets */ = {isa = PBXFileReference; lastKnownFileType = folder.assetcatalog; path = Assets.xcassets; sourceTree = "<group>"; };
		FD23F60A21AF519900AA78D4 /* Base */ = {isa = PBXFileReference; lastKnownFileType = file.storyboard; name = Base; path = Base.lproj/LaunchScreen.storyboard; sourceTree = "<group>"; };
		FD23F60C21AF519900AA78D4 /* Info.plist */ = {isa = PBXFileReference; lastKnownFileType = text.plist.xml; path = Info.plist; sourceTree = "<group>"; };
		FD23F62721AF578300AA78D4 /* MagazineLayout.framework */ = {isa = PBXFileReference; explicitFileType = wrapper.framework; path = MagazineLayout.framework; sourceTree = BUILT_PRODUCTS_DIR; };
		FD23F62921AF599000AA78D4 /* DataSource.swift */ = {isa = PBXFileReference; lastKnownFileType = sourcecode.swift; path = DataSource.swift; sourceTree = "<group>"; };
		FD89ED1821BFAD7D00607E70 /* Colors.swift */ = {isa = PBXFileReference; lastKnownFileType = sourcecode.swift; path = Colors.swift; sourceTree = "<group>"; };
/* End PBXFileReference section */

/* Begin PBXFrameworksBuildPhase section */
		DB68BA6E24C7751100365AD4 /* Frameworks */ = {
			isa = PBXFrameworksBuildPhase;
			buildActionMask = 2147483647;
			files = (
				DB68BA9224C775B200365AD4 /* MagazineLayout.framework in Frameworks */,
			);
			runOnlyForDeploymentPostprocessing = 0;
		};
		FD23F5FA21AF519700AA78D4 /* Frameworks */ = {
			isa = PBXFrameworksBuildPhase;
			buildActionMask = 2147483647;
			files = (
				FD69EAB021BA2B17001E0650 /* MagazineLayout.framework in Frameworks */,
			);
			runOnlyForDeploymentPostprocessing = 0;
		};
/* End PBXFrameworksBuildPhase section */

/* Begin PBXGroup section */
		DB68BA7224C7751100365AD4 /* MagazineLayoutExampleAppleTV */ = {
			isa = PBXGroup;
			children = (
				DB68BA7F24C7751400365AD4 /* Info.plist */,
				DB68BA9524C7775F00365AD4 /* LaunchScreen.storyboard */,
			);
			path = MagazineLayoutExampleAppleTV;
			sourceTree = "<group>";
		};
		FD138CD921B22AE9006BFABC /* Views */ = {
			isa = PBXGroup;
			children = (
				FD138CD721B226A7006BFABC /* Header.swift */,
				FCAC64292208870300973F4C /* Footer.swift */,
				FD138CD521B20875006BFABC /* Cell.swift */,
				8F78E958225BD81000CAE309 /* Background.swift */,
				FD138CDC21B22BBE006BFABC /* ItemCreationPanelView.swift */,
			);
			path = Views;
			sourceTree = "<group>";
		};
		FD138CDB21B22AF7006BFABC /* Data */ = {
			isa = PBXGroup;
			children = (
				FD23F62921AF599000AA78D4 /* DataSource.swift */,
				FD138CD321B201D0006BFABC /* Data.swift */,
				FD138CDE21B2310A006BFABC /* DataSourceCountsProvider.swift */,
			);
			path = Data;
			sourceTree = "<group>";
		};
		FD23F5F421AF519700AA78D4 = {
			isa = PBXGroup;
			children = (
				FD23F5FF21AF519700AA78D4 /* MagazineLayoutExample */,
				DB68BA7224C7751100365AD4 /* MagazineLayoutExampleAppleTV */,
				FD23F5FE21AF519700AA78D4 /* Products */,
				FD23F62421AF548C00AA78D4 /* Frameworks */,
			);
			sourceTree = "<group>";
		};
		FD23F5FE21AF519700AA78D4 /* Products */ = {
			isa = PBXGroup;
			children = (
				FD23F5FD21AF519700AA78D4 /* MagazineLayoutExample.app */,
				DB68BA7124C7751100365AD4 /* MagazineLayoutExampleAppleTV.app */,
			);
			name = Products;
			sourceTree = "<group>";
		};
		FD23F5FF21AF519700AA78D4 /* MagazineLayoutExample */ = {
			isa = PBXGroup;
			children = (
				FD23F60C21AF519900AA78D4 /* Info.plist */,
				FD23F60021AF519700AA78D4 /* AppDelegate.swift */,
				FD23F60221AF519700AA78D4 /* ViewController.swift */,
				FD138CE021B23D64006BFABC /* CreationPanelViewController.swift */,
				FD138CDB21B22AF7006BFABC /* Data */,
				FD138CD921B22AE9006BFABC /* Views */,
				FD89ED1821BFAD7D00607E70 /* Colors.swift */,
				FD23F60721AF519900AA78D4 /* Assets.xcassets */,
				FD23F60921AF519900AA78D4 /* LaunchScreen.storyboard */,
			);
			path = MagazineLayoutExample;
			sourceTree = "<group>";
		};
		FD23F62421AF548C00AA78D4 /* Frameworks */ = {
			isa = PBXGroup;
			children = (
				DB68BA9124C775B200365AD4 /* MagazineLayout.framework */,
				FD23F62721AF578300AA78D4 /* MagazineLayout.framework */,
			);
			name = Frameworks;
			sourceTree = "<group>";
		};
/* End PBXGroup section */

/* Begin PBXNativeTarget section */
		DB68BA7024C7751100365AD4 /* MagazineLayoutExampleAppleTV */ = {
			isa = PBXNativeTarget;
			buildConfigurationList = DB68BA8224C7751400365AD4 /* Build configuration list for PBXNativeTarget "MagazineLayoutExampleAppleTV" */;
			buildPhases = (
				DB68BA6D24C7751100365AD4 /* Sources */,
				DB68BA6E24C7751100365AD4 /* Frameworks */,
				DB68BA6F24C7751100365AD4 /* Resources */,
				DB68BA9424C775B200365AD4 /* Embed Frameworks */,
			);
			buildRules = (
			);
			dependencies = (
			);
			name = MagazineLayoutExampleAppleTV;
			productName = MagazineLayoutExampleAppleTV;
			productReference = DB68BA7124C7751100365AD4 /* MagazineLayoutExampleAppleTV.app */;
			productType = "com.apple.product-type.application";
		};
		FD23F5FC21AF519700AA78D4 /* MagazineLayoutExample */ = {
			isa = PBXNativeTarget;
			buildConfigurationList = FD23F60F21AF519900AA78D4 /* Build configuration list for PBXNativeTarget "MagazineLayoutExample" */;
			buildPhases = (
				FD23F5F921AF519700AA78D4 /* Sources */,
				FD23F5FA21AF519700AA78D4 /* Frameworks */,
				FD23F5FB21AF519700AA78D4 /* Resources */,
				FD69EAB221BA2B17001E0650 /* Embed Frameworks */,
			);
			buildRules = (
			);
			dependencies = (
			);
			name = MagazineLayoutExample;
			productName = MagazineLayoutExample;
			productReference = FD23F5FD21AF519700AA78D4 /* MagazineLayoutExample.app */;
			productType = "com.apple.product-type.application";
		};
/* End PBXNativeTarget section */

/* Begin PBXProject section */
		FD23F5F521AF519700AA78D4 /* Project object */ = {
			isa = PBXProject;
			attributes = {
				LastSwiftUpdateCheck = 1160;
				LastUpgradeCheck = 1330;
				ORGANIZATIONNAME = Airbnb;
				TargetAttributes = {
					DB68BA7024C7751100365AD4 = {
						CreatedOnToolsVersion = 11.6;
					};
					FD23F5FC21AF519700AA78D4 = {
						CreatedOnToolsVersion = 10.1;
						LastSwiftMigration = 1330;
					};
				};
			};
			buildConfigurationList = FD23F5F821AF519700AA78D4 /* Build configuration list for PBXProject "MagazineLayoutExample" */;
			compatibilityVersion = "Xcode 9.3";
			developmentRegion = en;
			hasScannedForEncodings = 0;
			knownRegions = (
				en,
				Base,
			);
			mainGroup = FD23F5F421AF519700AA78D4;
			productRefGroup = FD23F5FE21AF519700AA78D4 /* Products */;
			projectDirPath = "";
			projectRoot = "";
			targets = (
				FD23F5FC21AF519700AA78D4 /* MagazineLayoutExample */,
				DB68BA7024C7751100365AD4 /* MagazineLayoutExampleAppleTV */,
			);
		};
/* End PBXProject section */

/* Begin PBXResourcesBuildPhase section */
		DB68BA6F24C7751100365AD4 /* Resources */ = {
			isa = PBXResourcesBuildPhase;
			buildActionMask = 2147483647;
			files = (
				DB68BA9624C7775F00365AD4 /* LaunchScreen.storyboard in Resources */,
				DB68BA8F24C7756600365AD4 /* Assets.xcassets in Resources */,
			);
			runOnlyForDeploymentPostprocessing = 0;
		};
		FD23F5FB21AF519700AA78D4 /* Resources */ = {
			isa = PBXResourcesBuildPhase;
			buildActionMask = 2147483647;
			files = (
				FD23F60B21AF519900AA78D4 /* LaunchScreen.storyboard in Resources */,
				FD23F60821AF519900AA78D4 /* Assets.xcassets in Resources */,
			);
			runOnlyForDeploymentPostprocessing = 0;
		};
/* End PBXResourcesBuildPhase section */

/* Begin PBXSourcesBuildPhase section */
		DB68BA6D24C7751100365AD4 /* Sources */ = {
			isa = PBXSourcesBuildPhase;
			buildActionMask = 2147483647;
			files = (
				DB68BA8D24C7756100365AD4 /* Background.swift in Sources */,
				DB68BA8B24C7755B00365AD4 /* Footer.swift in Sources */,
				DB68BA8A24C7755800365AD4 /* Header.swift in Sources */,
				DB68BA8424C7754700365AD4 /* ViewController.swift in Sources */,
				DB68BA8724C7755000365AD4 /* Data.swift in Sources */,
				DB68BA8E24C7756300365AD4 /* ItemCreationPanelView.swift in Sources */,
				DB68BA8524C7754B00365AD4 /* CreationPanelViewController.swift in Sources */,
				DB68BA8924C7755500365AD4 /* Colors.swift in Sources */,
				DB68BA8624C7754E00365AD4 /* DataSource.swift in Sources */,
				DB68BA8C24C7755E00365AD4 /* Cell.swift in Sources */,
				DB68BA8324C7754400365AD4 /* AppDelegate.swift in Sources */,
				DB68BA8824C7755300365AD4 /* DataSourceCountsProvider.swift in Sources */,
			);
			runOnlyForDeploymentPostprocessing = 0;
		};
		FD23F5F921AF519700AA78D4 /* Sources */ = {
			isa = PBXSourcesBuildPhase;
			buildActionMask = 2147483647;
			files = (
				8F78E959225BD81000CAE309 /* Background.swift in Sources */,
				FD138CDF21B2310A006BFABC /* DataSourceCountsProvider.swift in Sources */,
				FD89ED1921BFAD7D00607E70 /* Colors.swift in Sources */,
				FD138CE121B23D64006BFABC /* CreationPanelViewController.swift in Sources */,
				FD23F62A21AF599100AA78D4 /* DataSource.swift in Sources */,
				FD138CDD21B22BBE006BFABC /* ItemCreationPanelView.swift in Sources */,
				FD138CD421B201D0006BFABC /* Data.swift in Sources */,
				FD138CD621B20875006BFABC /* Cell.swift in Sources */,
				FD23F60321AF519700AA78D4 /* ViewController.swift in Sources */,
				FD138CD821B226A7006BFABC /* Header.swift in Sources */,
				FCAC642A2208870300973F4C /* Footer.swift in Sources */,
				FD23F60121AF519700AA78D4 /* AppDelegate.swift in Sources */,
			);
			runOnlyForDeploymentPostprocessing = 0;
		};
/* End PBXSourcesBuildPhase section */

/* Begin PBXVariantGroup section */
		FD23F60921AF519900AA78D4 /* LaunchScreen.storyboard */ = {
			isa = PBXVariantGroup;
			children = (
				FD23F60A21AF519900AA78D4 /* Base */,
			);
			name = LaunchScreen.storyboard;
			sourceTree = "<group>";
		};
/* End PBXVariantGroup section */

/* Begin XCBuildConfiguration section */
		DB68BA8024C7751400365AD4 /* Debug */ = {
			isa = XCBuildConfiguration;
			buildSettings = {
				ASSETCATALOG_COMPILER_APPICON_NAME = "App Icon & Top Shelf Image";
				CODE_SIGN_STYLE = Automatic;
				INFOPLIST_FILE = MagazineLayoutExampleAppleTV/Info.plist;
				IPHONEOS_DEPLOYMENT_TARGET = 15.6;
				LD_RUNPATH_SEARCH_PATHS = (
					"$(inherited)",
					"@executable_path/Frameworks",
				);
				PRODUCT_BUNDLE_IDENTIFIER = com.airbnb.MagazineLayoutExampleAppleTV;
				PRODUCT_NAME = "$(TARGET_NAME)";
				SDKROOT = appletvos;
				SWIFT_VERSION = 5.0;
				TVOS_DEPLOYMENT_TARGET = 15.0;
			};
			name = Debug;
		};
		DB68BA8124C7751400365AD4 /* Release */ = {
			isa = XCBuildConfiguration;
			buildSettings = {
				ASSETCATALOG_COMPILER_APPICON_NAME = "App Icon & Top Shelf Image";
				CODE_SIGN_STYLE = Automatic;
				INFOPLIST_FILE = MagazineLayoutExampleAppleTV/Info.plist;
				IPHONEOS_DEPLOYMENT_TARGET = 15.6;
				LD_RUNPATH_SEARCH_PATHS = (
					"$(inherited)",
					"@executable_path/Frameworks",
				);
				PRODUCT_BUNDLE_IDENTIFIER = com.airbnb.MagazineLayoutExampleAppleTV;
				PRODUCT_NAME = "$(TARGET_NAME)";
				SDKROOT = appletvos;
				SWIFT_VERSION = 5.0;
				TVOS_DEPLOYMENT_TARGET = 15.0;
			};
			name = Release;
		};
		FD23F60D21AF519900AA78D4 /* Debug */ = {
			isa = XCBuildConfiguration;
			buildSettings = {
				ALWAYS_SEARCH_USER_PATHS = NO;
				CLANG_ANALYZER_NONNULL = YES;
				CLANG_ANALYZER_NUMBER_OBJECT_CONVERSION = YES_AGGRESSIVE;
				CLANG_CXX_LANGUAGE_STANDARD = "gnu++14";
				CLANG_CXX_LIBRARY = "libc++";
				CLANG_ENABLE_MODULES = YES;
				CLANG_ENABLE_OBJC_ARC = YES;
				CLANG_ENABLE_OBJC_WEAK = YES;
				CLANG_WARN_BLOCK_CAPTURE_AUTORELEASING = YES;
				CLANG_WARN_BOOL_CONVERSION = YES;
				CLANG_WARN_COMMA = YES;
				CLANG_WARN_CONSTANT_CONVERSION = YES;
				CLANG_WARN_DEPRECATED_OBJC_IMPLEMENTATIONS = YES;
				CLANG_WARN_DIRECT_OBJC_ISA_USAGE = YES_ERROR;
				CLANG_WARN_DOCUMENTATION_COMMENTS = YES;
				CLANG_WARN_EMPTY_BODY = YES;
				CLANG_WARN_ENUM_CONVERSION = YES;
				CLANG_WARN_INFINITE_RECURSION = YES;
				CLANG_WARN_INT_CONVERSION = YES;
				CLANG_WARN_NON_LITERAL_NULL_CONVERSION = YES;
				CLANG_WARN_OBJC_IMPLICIT_RETAIN_SELF = YES;
				CLANG_WARN_OBJC_LITERAL_CONVERSION = YES;
				CLANG_WARN_OBJC_ROOT_CLASS = YES_ERROR;
				CLANG_WARN_QUOTED_INCLUDE_IN_FRAMEWORK_HEADER = YES;
				CLANG_WARN_RANGE_LOOP_ANALYSIS = YES;
				CLANG_WARN_STRICT_PROTOTYPES = YES;
				CLANG_WARN_SUSPICIOUS_MOVE = YES;
				CLANG_WARN_UNGUARDED_AVAILABILITY = YES_AGGRESSIVE;
				CLANG_WARN_UNREACHABLE_CODE = YES;
				CLANG_WARN__DUPLICATE_METHOD_MATCH = YES;
				CODE_SIGN_IDENTITY = "iPhone Developer";
				COPY_PHASE_STRIP = NO;
				DEBUG_INFORMATION_FORMAT = dwarf;
				ENABLE_STRICT_OBJC_MSGSEND = YES;
				ENABLE_TESTABILITY = YES;
				GCC_C_LANGUAGE_STANDARD = gnu11;
				GCC_DYNAMIC_NO_PIC = NO;
				GCC_NO_COMMON_BLOCKS = YES;
				GCC_OPTIMIZATION_LEVEL = 0;
				GCC_PREPROCESSOR_DEFINITIONS = (
					"DEBUG=1",
					"$(inherited)",
				);
				GCC_WARN_64_TO_32_BIT_CONVERSION = YES;
				GCC_WARN_ABOUT_RETURN_TYPE = YES_ERROR;
				GCC_WARN_UNDECLARED_SELECTOR = YES;
				GCC_WARN_UNINITIALIZED_AUTOS = YES_AGGRESSIVE;
				GCC_WARN_UNUSED_FUNCTION = YES;
				GCC_WARN_UNUSED_VARIABLE = YES;
				IPHONEOS_DEPLOYMENT_TARGET = 15.6;
				MTL_ENABLE_DEBUG_INFO = INCLUDE_SOURCE;
				MTL_FAST_MATH = YES;
				ONLY_ACTIVE_ARCH = YES;
				SWIFT_ACTIVE_COMPILATION_CONDITIONS = DEBUG;
				SWIFT_OPTIMIZATION_LEVEL = "-Onone";
				TARGETED_DEVICE_FAMILY = "1,2,3";
				TVOS_DEPLOYMENT_TARGET = 12.1;
			};
			name = Debug;
		};
		FD23F60E21AF519900AA78D4 /* Release */ = {
			isa = XCBuildConfiguration;
			buildSettings = {
				ALWAYS_SEARCH_USER_PATHS = NO;
				CLANG_ANALYZER_NONNULL = YES;
				CLANG_ANALYZER_NUMBER_OBJECT_CONVERSION = YES_AGGRESSIVE;
				CLANG_CXX_LANGUAGE_STANDARD = "gnu++14";
				CLANG_CXX_LIBRARY = "libc++";
				CLANG_ENABLE_MODULES = YES;
				CLANG_ENABLE_OBJC_ARC = YES;
				CLANG_ENABLE_OBJC_WEAK = YES;
				CLANG_WARN_BLOCK_CAPTURE_AUTORELEASING = YES;
				CLANG_WARN_BOOL_CONVERSION = YES;
				CLANG_WARN_COMMA = YES;
				CLANG_WARN_CONSTANT_CONVERSION = YES;
				CLANG_WARN_DEPRECATED_OBJC_IMPLEMENTATIONS = YES;
				CLANG_WARN_DIRECT_OBJC_ISA_USAGE = YES_ERROR;
				CLANG_WARN_DOCUMENTATION_COMMENTS = YES;
				CLANG_WARN_EMPTY_BODY = YES;
				CLANG_WARN_ENUM_CONVERSION = YES;
				CLANG_WARN_INFINITE_RECURSION = YES;
				CLANG_WARN_INT_CONVERSION = YES;
				CLANG_WARN_NON_LITERAL_NULL_CONVERSION = YES;
				CLANG_WARN_OBJC_IMPLICIT_RETAIN_SELF = YES;
				CLANG_WARN_OBJC_LITERAL_CONVERSION = YES;
				CLANG_WARN_OBJC_ROOT_CLASS = YES_ERROR;
				CLANG_WARN_QUOTED_INCLUDE_IN_FRAMEWORK_HEADER = YES;
				CLANG_WARN_RANGE_LOOP_ANALYSIS = YES;
				CLANG_WARN_STRICT_PROTOTYPES = YES;
				CLANG_WARN_SUSPICIOUS_MOVE = YES;
				CLANG_WARN_UNGUARDED_AVAILABILITY = YES_AGGRESSIVE;
				CLANG_WARN_UNREACHABLE_CODE = YES;
				CLANG_WARN__DUPLICATE_METHOD_MATCH = YES;
				CODE_SIGN_IDENTITY = "iPhone Developer";
				COPY_PHASE_STRIP = NO;
				DEBUG_INFORMATION_FORMAT = "dwarf-with-dsym";
				ENABLE_NS_ASSERTIONS = NO;
				ENABLE_STRICT_OBJC_MSGSEND = YES;
				GCC_C_LANGUAGE_STANDARD = gnu11;
				GCC_NO_COMMON_BLOCKS = YES;
				GCC_WARN_64_TO_32_BIT_CONVERSION = YES;
				GCC_WARN_ABOUT_RETURN_TYPE = YES_ERROR;
				GCC_WARN_UNDECLARED_SELECTOR = YES;
				GCC_WARN_UNINITIALIZED_AUTOS = YES_AGGRESSIVE;
				GCC_WARN_UNUSED_FUNCTION = YES;
				GCC_WARN_UNUSED_VARIABLE = YES;
				IPHONEOS_DEPLOYMENT_TARGET = 15.6;
				MTL_ENABLE_DEBUG_INFO = NO;
				MTL_FAST_MATH = YES;
				SWIFT_COMPILATION_MODE = wholemodule;
				SWIFT_OPTIMIZATION_LEVEL = "-O";
				TARGETED_DEVICE_FAMILY = "1,2,3";
				TVOS_DEPLOYMENT_TARGET = 12.1;
				VALIDATE_PRODUCT = YES;
			};
			name = Release;
		};
		FD23F61021AF519900AA78D4 /* Debug */ = {
			isa = XCBuildConfiguration;
			buildSettings = {
				ASSETCATALOG_COMPILER_APPICON_NAME = AppIcon;
				CODE_SIGN_IDENTITY = "iPhone Developer";
				CODE_SIGN_STYLE = Automatic;
				DEVELOPMENT_TEAM = 5Q5SGQT2R4;
				INFOPLIST_FILE = MagazineLayoutExample/Info.plist;
				IPHONEOS_DEPLOYMENT_TARGET = 15.0;
				LD_RUNPATH_SEARCH_PATHS = (
					"$(inherited)",
					"@executable_path/Frameworks",
				);
				PRODUCT_BUNDLE_IDENTIFIER = com.airbnb.MagazineLayoutExample;
				PRODUCT_NAME = "$(TARGET_NAME)";
				PROVISIONING_PROFILE_SPECIFIER = "";
				SDKROOT = iphoneos;
				SWIFT_VERSION = 5.0;
				TARGETED_DEVICE_FAMILY = "1,2";
			};
			name = Debug;
		};
		FD23F61121AF519900AA78D4 /* Release */ = {
			isa = XCBuildConfiguration;
			buildSettings = {
				ASSETCATALOG_COMPILER_APPICON_NAME = AppIcon;
				CODE_SIGN_IDENTITY = "iPhone Developer";
				CODE_SIGN_STYLE = Automatic;
				DEVELOPMENT_TEAM = 5Q5SGQT2R4;
				INFOPLIST_FILE = MagazineLayoutExample/Info.plist;
				IPHONEOS_DEPLOYMENT_TARGET = 15.0;
				LD_RUNPATH_SEARCH_PATHS = (
					"$(inherited)",
					"@executable_path/Frameworks",
				);
				PRODUCT_BUNDLE_IDENTIFIER = com.airbnb.MagazineLayoutExample;
				PRODUCT_NAME = "$(TARGET_NAME)";
				PROVISIONING_PROFILE_SPECIFIER = "";
				SDKROOT = iphoneos;
				SWIFT_VERSION = 5.0;
				TARGETED_DEVICE_FAMILY = "1,2";
			};
			name = Release;
		};
/* End XCBuildConfiguration section */

/* Begin XCConfigurationList section */
		DB68BA8224C7751400365AD4 /* Build configuration list for PBXNativeTarget "MagazineLayoutExampleAppleTV" */ = {
			isa = XCConfigurationList;
			buildConfigurations = (
				DB68BA8024C7751400365AD4 /* Debug */,
				DB68BA8124C7751400365AD4 /* Release */,
			);
			defaultConfigurationIsVisible = 0;
			defaultConfigurationName = Release;
		};
		FD23F5F821AF519700AA78D4 /* Build configuration list for PBXProject "MagazineLayoutExample" */ = {
			isa = XCConfigurationList;
			buildConfigurations = (
				FD23F60D21AF519900AA78D4 /* Debug */,
				FD23F60E21AF519900AA78D4 /* Release */,
			);
			defaultConfigurationIsVisible = 0;
			defaultConfigurationName = Release;
		};
		FD23F60F21AF519900AA78D4 /* Build configuration list for PBXNativeTarget "MagazineLayoutExample" */ = {
			isa = XCConfigurationList;
			buildConfigurations = (
				FD23F61021AF519900AA78D4 /* Debug */,
				FD23F61121AF519900AA78D4 /* Release */,
			);
			defaultConfigurationIsVisible = 0;
			defaultConfigurationName = Release;
		};
/* End XCConfigurationList section */
	};
	rootObject = FD23F5F521AF519700AA78D4 /* Project object */;
}
