// !$*UTF8*$!
{
	archiveVersion = 1;
	classes = {
	};
	objectVersion = 70;
	objects = {

/* Begin PBXBuildFile section */
		DB68BA9224C775B200365AD4 /* MagazineLayout.framework in Frameworks */ = {isa = PBXBuildFile; fileRef = DB68BA9124C775B200365AD4 /* MagazineLayout.framework */; };
		DB68BA9324C775B200365AD4 /* MagazineLayout.framework in Embed Frameworks */ = {isa = PBXBuildFile; fileRef = DB68BA9124C775B200365AD4 /* MagazineLayout.framework */; settings = {ATTRIBUTES = (CodeSignOnCopy, RemoveHeadersOnCopy, ); }; };
		FD69EAB021BA2B17001E0650 /* MagazineLayout.framework in Frameworks */ = {isa = PBXBuildFile; fileRef = FD23F62721AF578300AA78D4 /* MagazineLayout.framework */; };
		FD69EAB121BA2B17001E0650 /* MagazineLayout.framework in Embed Frameworks */ = {isa = PBXBuildFile; fileRef = FD23F62721AF578300AA78D4 /* MagazineLayout.framework */; settings = {ATTRIBUTES = (CodeSignOnCopy, RemoveHeadersOnCopy, ); }; };
/* End PBXBuildFile section */

/* Begin PBXCopyFilesBuildPhase section */
		DB68BA9424C775B200365AD4 /* Embed Frameworks */ = {
			isa = PBXCopyFilesBuildPhase;
			buildActionMask = 2147483647;
			dstPath = "";
			dstSubfolderSpec = 10;
			files = (
				DB68BA9324C775B200365AD4 /* MagazineLayout.framework in Embed Frameworks */,
			);
			name = "Embed Frameworks";
			runOnlyForDeploymentPostprocessing = 0;
		};
		FD69EAB221BA2B17001E0650 /* Embed Frameworks */ = {
			isa = PBXCopyFilesBuildPhase;
			buildActionMask = 2147483647;
			dstPath = "";
			dstSubfolderSpec = 10;
			files = (
				FD69EAB121BA2B17001E0650 /* MagazineLayout.framework in Embed Frameworks */,
			);
			name = "Embed Frameworks";
			runOnlyForDeploymentPostprocessing = 0;
		};
/* End PBXCopyFilesBuildPhase section */

/* Begin PBXFileReference section */
		DB68BA7124C7751100365AD4 /* MagazineLayoutExampleAppleTV.app */ = {isa = PBXFileReference; explicitFileType = wrapper.application; includeInIndex = 0; path = MagazineLayoutExampleAppleTV.app; sourceTree = BUILT_PRODUCTS_DIR; };
		DB68BA9124C775B200365AD4 /* MagazineLayout.framework */ = {isa = PBXFileReference; explicitFileType = wrapper.framework; path = MagazineLayout.framework; sourceTree = BUILT_PRODUCTS_DIR; };
		FD23F5FD21AF519700AA78D4 /* MagazineLayoutExample.app */ = {isa = PBXFileReference; explicitFileType = wrapper.application; includeInIndex = 0; path = MagazineLayoutExample.app; sourceTree = BUILT_PRODUCTS_DIR; };
		FD23F62721AF578300AA78D4 /* MagazineLayout.framework */ = {isa = PBXFileReference; explicitFileType = wrapper.framework; path = MagazineLayout.framework; sourceTree = BUILT_PRODUCTS_DIR; };
/* End PBXFileReference section */

/* Begin PBXFileSystemSynchronizedBuildFileExceptionSet section */
		93F37BB82EB979A700E673A7 /* PBXFileSystemSynchronizedBuildFileExceptionSet */ = {
			isa = PBXFileSystemSynchronizedBuildFileExceptionSet;
			membershipExceptions = (
				Info.plist,
			);
			target = FD23F5FC21AF519700AA78D4 /* MagazineLayoutExample */;
		};
		93F37BB92EB979AE00E673A7 /* PBXFileSystemSynchronizedBuildFileExceptionSet */ = {
			isa = PBXFileSystemSynchronizedBuildFileExceptionSet;
			membershipExceptions = (
				Info.plist,
			);
			target = DB68BA7024C7751100365AD4 /* MagazineLayoutExampleAppleTV */;
		};
/* End PBXFileSystemSynchronizedBuildFileExceptionSet section */

/* Begin PBXFileSystemSynchronizedRootGroup section */
		93ACC4452EB9776B008C1105 /* MagazineLayoutExample */ = {isa = PBXFileSystemSynchronizedRootGroup; exceptions = (93F37BB82EB979A700E673A7 /* PBXFileSystemSynchronizedBuildFileExceptionSet */, ); explicitFileTypes = {}; explicitFolders = (); path = MagazineLayoutExample; sourceTree = "<group>"; };
		93ACC4502EB97781008C1105 /* MagazineLayoutExampleAppleTV */ = {isa = PBXFileSystemSynchronizedRootGroup; exceptions = (93F37BB92EB979AE00E673A7 /* PBXFileSystemSynchronizedBuildFileExceptionSet */, ); explicitFileTypes = {}; explicitFolders = (); path = MagazineLayoutExampleAppleTV; sourceTree = "<group>"; };
/* End PBXFileSystemSynchronizedRootGroup section */

/* Begin PBXFrameworksBuildPhase section */
		DB68BA6E24C7751100365AD4 /* Frameworks */ = {
			isa = PBXFrameworksBuildPhase;
			buildActionMask = 2147483647;
			files = (
				DB68BA9224C775B200365AD4 /* MagazineLayout.framework in Frameworks */,
			);
			runOnlyForDeploymentPostprocessing = 0;
		};
		FD23F5FA21AF519700AA78D4 /* Frameworks */ = {
			isa = PBXFrameworksBuildPhase;
			buildActionMask = 2147483647;
			files = (
				FD69EAB021BA2B17001E0650 /* MagazineLayout.framework in Frameworks */,
			);
			runOnlyForDeploymentPostprocessing = 0;
		};
/* End PBXFrameworksBuildPhase section */

/* Begin PBXGroup section */
		FD23F5F421AF519700AA78D4 = {
			isa = PBXGroup;
			children = (
				93ACC4452EB9776B008C1105 /* MagazineLayoutExample */,
				93ACC4502EB97781008C1105 /* MagazineLayoutExampleAppleTV */,
				FD23F5FE21AF519700AA78D4 /* Products */,
				FD23F62421AF548C00AA78D4 /* Frameworks */,
			);
			sourceTree = "<group>";
		};
		FD23F5FE21AF519700AA78D4 /* Products */ = {
			isa = PBXGroup;
			children = (
				FD23F5FD21AF519700AA78D4 /* MagazineLayoutExample.app */,
				DB68BA7124C7751100365AD4 /* MagazineLayoutExampleAppleTV.app */,
			);
			name = Products;
			sourceTree = "<group>";
		};
		FD23F62421AF548C00AA78D4 /* Frameworks */ = {
			isa = PBXGroup;
			children = (
				DB68BA9124C775B200365AD4 /* MagazineLayout.framework */,
				FD23F62721AF578300AA78D4 /* MagazineLayout.framework */,
			);
			name = Frameworks;
			sourceTree = "<group>";
		};
/* End PBXGroup section */

/* Begin PBXNativeTarget section */
		DB68BA7024C7751100365AD4 /* MagazineLayoutExampleAppleTV */ = {
			isa = PBXNativeTarget;
			buildConfigurationList = DB68BA8224C7751400365AD4 /* Build configuration list for PBXNativeTarget "MagazineLayoutExampleAppleTV" */;
			buildPhases = (
				DB68BA6D24C7751100365AD4 /* Sources */,
				DB68BA6E24C7751100365AD4 /* Frameworks */,
				DB68BA6F24C7751100365AD4 /* Resources */,
				DB68BA9424C775B200365AD4 /* Embed Frameworks */,
			);
			buildRules = (
			);
			dependencies = (
			);
			fileSystemSynchronizedGroups = (
				93ACC4502EB97781008C1105 /* MagazineLayoutExampleAppleTV */,
			);
			name = MagazineLayoutExampleAppleTV;
			productName = MagazineLayoutExampleAppleTV;
			productReference = DB68BA7124C7751100365AD4 /* MagazineLayoutExampleAppleTV.app */;
			productType = "com.apple.product-type.application";
		};
		FD23F5FC21AF519700AA78D4 /* MagazineLayoutExample */ = {
			isa = PBXNativeTarget;
			buildConfigurationList = FD23F60F21AF519900AA78D4 /* Build configuration list for PBXNativeTarget "MagazineLayoutExample" */;
			buildPhases = (
				FD23F5F921AF519700AA78D4 /* Sources */,
				FD23F5FA21AF519700AA78D4 /* Frameworks */,
				FD23F5FB21AF519700AA78D4 /* Resources */,
				FD69EAB221BA2B17001E0650 /* Embed Frameworks */,
			);
			buildRules = (
			);
			dependencies = (
			);
			fileSystemSynchronizedGroups = (
				93ACC4452EB9776B008C1105 /* MagazineLayoutExample */,
			);
			name = MagazineLayoutExample;
			productName = MagazineLayoutExample;
			productReference = FD23F5FD21AF519700AA78D4 /* MagazineLayoutExample.app */;
			productType = "com.apple.product-type.application";
		};
/* End PBXNativeTarget section */

/* Begin PBXProject section */
		FD23F5F521AF519700AA78D4 /* Project object */ = {
			isa = PBXProject;
			attributes = {
				LastSwiftUpdateCheck = 1160;
				LastUpgradeCheck = 1330;
				ORGANIZATIONNAME = Airbnb;
				TargetAttributes = {
					DB68BA7024C7751100365AD4 = {
						CreatedOnToolsVersion = 11.6;
					};
					FD23F5FC21AF519700AA78D4 = {
						CreatedOnToolsVersion = 10.1;
						LastSwiftMigration = 1330;
					};
				};
			};
			buildConfigurationList = FD23F5F821AF519700AA78D4 /* Build configuration list for PBXProject "MagazineLayoutExample" */;
			compatibilityVersion = "Xcode 9.3";
			developmentRegion = en;
			hasScannedForEncodings = 0;
			knownRegions = (
				en,
				Base,
			);
			mainGroup = FD23F5F421AF519700AA78D4;
			productRefGroup = FD23F5FE21AF519700AA78D4 /* Products */;
			projectDirPath = "";
			projectRoot = "";
			targets = (
				FD23F5FC21AF519700AA78D4 /* MagazineLayoutExample */,
				DB68BA7024C7751100365AD4 /* MagazineLayoutExampleAppleTV */,
			);
		};
/* End PBXProject section */

/* Begin PBXResourcesBuildPhase section */
		DB68BA6F24C7751100365AD4 /* Resources */ = {
			isa = PBXResourcesBuildPhase;
			buildActionMask = 2147483647;
			files = (
			);
			runOnlyForDeploymentPostprocessing = 0;
		};
		FD23F5FB21AF519700AA78D4 /* Resources */ = {
			isa = PBXResourcesBuildPhase;
			buildActionMask = 2147483647;
			files = (
			);
			runOnlyForDeploymentPostprocessing = 0;
		};
/* End PBXResourcesBuildPhase section */

/* Begin PBXSourcesBuildPhase section */
		DB68BA6D24C7751100365AD4 /* Sources */ = {
			isa = PBXSourcesBuildPhase;
			buildActionMask = 2147483647;
			files = (
			);
			runOnlyForDeploymentPostprocessing = 0;
		};
		FD23F5F921AF519700AA78D4 /* Sources */ = {
			isa = PBXSourcesBuildPhase;
			buildActionMask = 2147483647;
			files = (
			);
			runOnlyForDeploymentPostprocessing = 0;
		};
/* End PBXSourcesBuildPhase section */

/* Begin XCBuildConfiguration section */
		DB68BA8024C7751400365AD4 /* Debug */ = {
			isa = XCBuildConfiguration;
			buildSettings = {
				ASSETCATALOG_COMPILER_APPICON_NAME = "App Icon & Top Shelf Image";
				CODE_SIGN_STYLE = Automatic;
				INFOPLIST_FILE = MagazineLayoutExampleAppleTV/Info.plist;
				IPHONEOS_DEPLOYMENT_TARGET = 16.6;
				LD_RUNPATH_SEARCH_PATHS = (
					"$(inherited)",
					"@executable_path/Frameworks",
				);
				PRODUCT_BUNDLE_IDENTIFIER = com.airbnb.MagazineLayoutExampleAppleTV;
				PRODUCT_NAME = "$(TARGET_NAME)";
				SDKROOT = appletvos;
				SWIFT_VERSION = 5.0;
				TVOS_DEPLOYMENT_TARGET = 16.0;
			};
			name = Debug;
		};
		DB68BA8124C7751400365AD4 /* Release */ = {
			isa = XCBuildConfiguration;
			buildSettings = {
				ASSETCATALOG_COMPILER_APPICON_NAME = "App Icon & Top Shelf Image";
				CODE_SIGN_STYLE = Automatic;
				INFOPLIST_FILE = MagazineLayoutExampleAppleTV/Info.plist;
				IPHONEOS_DEPLOYMENT_TARGET = 16.6;
				LD_RUNPATH_SEARCH_PATHS = (
					"$(inherited)",
					"@executable_path/Frameworks",
				);
				PRODUCT_BUNDLE_IDENTIFIER = com.airbnb.MagazineLayoutExampleAppleTV;
				PRODUCT_NAME = "$(TARGET_NAME)";
				SDKROOT = appletvos;
				SWIFT_VERSION = 5.0;
				TVOS_DEPLOYMENT_TARGET = 16.0;
			};
			name = Release;
		};
		FD23F60D21AF519900AA78D4 /* Debug */ = {
			isa = XCBuildConfiguration;
			buildSettings = {
				ALWAYS_SEARCH_USER_PATHS = NO;
				CLANG_ANALYZER_NONNULL = YES;
				CLANG_ANALYZER_NUMBER_OBJECT_CONVERSION = YES_AGGRESSIVE;
				CLANG_CXX_LANGUAGE_STANDARD = "gnu++14";
				CLANG_CXX_LIBRARY = "libc++";
				CLANG_ENABLE_MODULES = YES;
				CLANG_ENABLE_OBJC_ARC = YES;
				CLANG_ENABLE_OBJC_WEAK = YES;
				CLANG_WARN_BLOCK_CAPTURE_AUTORELEASING = YES;
				CLANG_WARN_BOOL_CONVERSION = YES;
				CLANG_WARN_COMMA = YES;
				CLANG_WARN_CONSTANT_CONVERSION = YES;
				CLANG_WARN_DEPRECATED_OBJC_IMPLEMENTATIONS = YES;
				CLANG_WARN_DIRECT_OBJC_ISA_USAGE = YES_ERROR;
				CLANG_WARN_DOCUMENTATION_COMMENTS = YES;
				CLANG_WARN_EMPTY_BODY = YES;
				CLANG_WARN_ENUM_CONVERSION = YES;
				CLANG_WARN_INFINITE_RECURSION = YES;
				CLANG_WARN_INT_CONVERSION = YES;
				CLANG_WARN_NON_LITERAL_NULL_CONVERSION = YES;
				CLANG_WARN_OBJC_IMPLICIT_RETAIN_SELF = YES;
				CLANG_WARN_OBJC_LITERAL_CONVERSION = YES;
				CLANG_WARN_OBJC_ROOT_CLASS = YES_ERROR;
				CLANG_WARN_QUOTED_INCLUDE_IN_FRAMEWORK_HEADER = YES;
				CLANG_WARN_RANGE_LOOP_ANALYSIS = YES;
				CLANG_WARN_STRICT_PROTOTYPES = YES;
				CLANG_WARN_SUSPICIOUS_MOVE = YES;
				CLANG_WARN_UNGUARDED_AVAILABILITY = YES_AGGRESSIVE;
				CLANG_WARN_UNREACHABLE_CODE = YES;
				CLANG_WARN__DUPLICATE_METHOD_MATCH = YES;
				CODE_SIGN_IDENTITY = "iPhone Developer";
				COPY_PHASE_STRIP = NO;
				DEBUG_INFORMATION_FORMAT = dwarf;
				ENABLE_STRICT_OBJC_MSGSEND = YES;
				ENABLE_TESTABILITY = YES;
				GCC_C_LANGUAGE_STANDARD = gnu11;
				GCC_DYNAMIC_NO_PIC = NO;
				GCC_NO_COMMON_BLOCKS = YES;
				GCC_OPTIMIZATION_LEVEL = 0;
				GCC_PREPROCESSOR_DEFINITIONS = (
					"DEBUG=1",
					"$(inherited)",
				);
				GCC_WARN_64_TO_32_BIT_CONVERSION = YES;
				GCC_WARN_ABOUT_RETURN_TYPE = YES_ERROR;
				GCC_WARN_UNDECLARED_SELECTOR = YES;
				GCC_WARN_UNINITIALIZED_AUTOS = YES_AGGRESSIVE;
				GCC_WARN_UNUSED_FUNCTION = YES;
				GCC_WARN_UNUSED_VARIABLE = YES;
				IPHONEOS_DEPLOYMENT_TARGET = 15.6;
				MTL_ENABLE_DEBUG_INFO = INCLUDE_SOURCE;
				MTL_FAST_MATH = YES;
				ONLY_ACTIVE_ARCH = YES;
				SWIFT_ACTIVE_COMPILATION_CONDITIONS = DEBUG;
				SWIFT_OPTIMIZATION_LEVEL = "-Onone";
				TARGETED_DEVICE_FAMILY = "1,2,3";
				TVOS_DEPLOYMENT_TARGET = 12.1;
			};
			name = Debug;
		};
		FD23F60E21AF519900AA78D4 /* Release */ = {
			isa = XCBuildConfiguration;
			buildSettings = {
				ALWAYS_SEARCH_USER_PATHS = NO;
				CLANG_ANALYZER_NONNULL = YES;
				CLANG_ANALYZER_NUMBER_OBJECT_CONVERSION = YES_AGGRESSIVE;
				CLANG_CXX_LANGUAGE_STANDARD = "gnu++14";
				CLANG_CXX_LIBRARY = "libc++";
				CLANG_ENABLE_MODULES = YES;
				CLANG_ENABLE_OBJC_ARC = YES;
				CLANG_ENABLE_OBJC_WEAK = YES;
				CLANG_WARN_BLOCK_CAPTURE_AUTORELEASING = YES;
				CLANG_WARN_BOOL_CONVERSION = YES;
				CLANG_WARN_COMMA = YES;
				CLANG_WARN_CONSTANT_CONVERSION = YES;
				CLANG_WARN_DEPRECATED_OBJC_IMPLEMENTATIONS = YES;
				CLANG_WARN_DIRECT_OBJC_ISA_USAGE = YES_ERROR;
				CLANG_WARN_DOCUMENTATION_COMMENTS = YES;
				CLANG_WARN_EMPTY_BODY = YES;
				CLANG_WARN_ENUM_CONVERSION = YES;
				CLANG_WARN_INFINITE_RECURSION = YES;
				CLANG_WARN_INT_CONVERSION = YES;
				CLANG_WARN_NON_LITERAL_NULL_CONVERSION = YES;
				CLANG_WARN_OBJC_IMPLICIT_RETAIN_SELF = YES;
				CLANG_WARN_OBJC_LITERAL_CONVERSION = YES;
				CLANG_WARN_OBJC_ROOT_CLASS = YES_ERROR;
				CLANG_WARN_QUOTED_INCLUDE_IN_FRAMEWORK_HEADER = YES;
				CLANG_WARN_RANGE_LOOP_ANALYSIS = YES;
				CLANG_WARN_STRICT_PROTOTYPES = YES;
				CLANG_WARN_SUSPICIOUS_MOVE = YES;
				CLANG_WARN_UNGUARDED_AVAILABILITY = YES_AGGRESSIVE;
				CLANG_WARN_UNREACHABLE_CODE = YES;
				CLANG_WARN__DUPLICATE_METHOD_MATCH = YES;
				CODE_SIGN_IDENTITY = "iPhone Developer";
				COPY_PHASE_STRIP = NO;
				DEBUG_INFORMATION_FORMAT = "dwarf-with-dsym";
				ENABLE_NS_ASSERTIONS = NO;
				ENABLE_STRICT_OBJC_MSGSEND = YES;
				GCC_C_LANGUAGE_STANDARD = gnu11;
				GCC_NO_COMMON_BLOCKS = YES;
				GCC_WARN_64_TO_32_BIT_CONVERSION = YES;
				GCC_WARN_ABOUT_RETURN_TYPE = YES_ERROR;
				GCC_WARN_UNDECLARED_SELECTOR = YES;
				GCC_WARN_UNINITIALIZED_AUTOS = YES_AGGRESSIVE;
				GCC_WARN_UNUSED_FUNCTION = YES;
				GCC_WARN_UNUSED_VARIABLE = YES;
				IPHONEOS_DEPLOYMENT_TARGET = 15.6;
				MTL_ENABLE_DEBUG_INFO = NO;
				MTL_FAST_MATH = YES;
				SWIFT_COMPILATION_MODE = wholemodule;
				SWIFT_OPTIMIZATION_LEVEL = "-O";
				TARGETED_DEVICE_FAMILY = "1,2,3";
				TVOS_DEPLOYMENT_TARGET = 12.1;
				VALIDATE_PRODUCT = YES;
			};
			name = Release;
		};
		FD23F61021AF519900AA78D4 /* Debug */ = {
			isa = XCBuildConfiguration;
			buildSettings = {
				ASSETCATALOG_COMPILER_APPICON_NAME = AppIcon;
				CODE_SIGN_IDENTITY = "iPhone Developer";
				CODE_SIGN_STYLE = Automatic;
				DEVELOPMENT_TEAM = 5Q5SGQT2R4;
				INFOPLIST_FILE = MagazineLayoutExample/Info.plist;
				IPHONEOS_DEPLOYMENT_TARGET = 16.0;
				LD_RUNPATH_SEARCH_PATHS = (
					"$(inherited)",
					"@executable_path/Frameworks",
				);
				PRODUCT_BUNDLE_IDENTIFIER = com.airbnb.MagazineLayoutExample;
				PRODUCT_NAME = "$(TARGET_NAME)";
				PROVISIONING_PROFILE_SPECIFIER = "";
				SDKROOT = iphoneos;
				SWIFT_VERSION = 5.0;
				TARGETED_DEVICE_FAMILY = "1,2";
			};
			name = Debug;
		};
		FD23F61121AF519900AA78D4 /* Release */ = {
			isa = XCBuildConfiguration;
			buildSettings = {
				ASSETCATALOG_COMPILER_APPICON_NAME = AppIcon;
				CODE_SIGN_IDENTITY = "iPhone Developer";
				CODE_SIGN_STYLE = Automatic;
				DEVELOPMENT_TEAM = 5Q5SGQT2R4;
				INFOPLIST_FILE = MagazineLayoutExample/Info.plist;
				IPHONEOS_DEPLOYMENT_TARGET = 16.0;
				LD_RUNPATH_SEARCH_PATHS = (
					"$(inherited)",
					"@executable_path/Frameworks",
				);
				PRODUCT_BUNDLE_IDENTIFIER = com.airbnb.MagazineLayoutExample;
				PRODUCT_NAME = "$(TARGET_NAME)";
				PROVISIONING_PROFILE_SPECIFIER = "";
				SDKROOT = iphoneos;
				SWIFT_VERSION = 5.0;
				TARGETED_DEVICE_FAMILY = "1,2";
			};
			name = Release;
		};
/* End XCBuildConfiguration section */

/* Begin XCConfigurationList section */
		DB68BA8224C7751400365AD4 /* Build configuration list for PBXNativeTarget "MagazineLayoutExampleAppleTV" */ = {
			isa = XCConfigurationList;
			buildConfigurations = (
				DB68BA8024C7751400365AD4 /* Debug */,
				DB68BA8124C7751400365AD4 /* Release */,
			);
			defaultConfigurationIsVisible = 0;
			defaultConfigurationName = Release;
		};
		FD23F5F821AF519700AA78D4 /* Build configuration list for PBXProject "MagazineLayoutExample" */ = {
			isa = XCConfigurationList;
			buildConfigurations = (
				FD23F60D21AF519900AA78D4 /* Debug */,
				FD23F60E21AF519900AA78D4 /* Release */,
			);
			defaultConfigurationIsVisible = 0;
			defaultConfigurationName = Release;
		};
		FD23F60F21AF519900AA78D4 /* Build configuration list for PBXNativeTarget "MagazineLayoutExample" */ = {
			isa = XCConfigurationList;
			buildConfigurations = (
				FD23F61021AF519900AA78D4 /* Debug */,
				FD23F61121AF519900AA78D4 /* Release */,
			);
			defaultConfigurationIsVisible = 0;
			defaultConfigurationName = Release;
		};
/* End XCConfigurationList section */
	};
	rootObject = FD23F5F521AF519700AA78D4 /* Project object */;
}
